PODS:
  - ToggleSwitch (1.0):
    - ToggleSwitch/Core (= 1.0)
  - ToggleSwitch/Core (1.0)

DEPENDENCIES:
  - ToggleSwitch (from `../`)

EXTERNAL SOURCES:
  ToggleSwitch:
    :path: "../"

SPEC CHECKSUMS:
  ToggleSwitch: 987ad9d366a873b4d3b0b41d56c6f3f3a8ddc2eb

PODFILE CHECKSUM: 732f9d66924aedecedc1a647bf4c2353017fff31

COCOAPODS: 1.2.1
